// !$*UTF8*$!
{
	archiveVersion = 1;
	classes = {
	};
	objectVersion = 46;
	objects = {

/* Begin PBXBuildFile section */
		2D8B04681DE582D3008C157F /* CollectionViewViewController.m in Sources */ = {isa = PBXBuildFile; fileRef = 2D8B04671DE582D3008C157F /* CollectionViewViewController.m */; };
		2D9F79541DEBC1D40073B8F4 /* MoveCollectionViewCell.m in Sources */ = {isa = PBXBuildFile; fileRef = 2D9F79531DEBC1D40073B8F4 /* MoveCollectionViewCell.m */; };
		2DA4C0C41DB86A7C00740709 /* CollectionViewHoneyLayoutDemoTests.m in Sources */ = {isa = PBXBuildFile; fileRef = 2DA4C0C31DB86A7C00740709 /* CollectionViewHoneyLayoutDemoTests.m */; };
		2DA4C0CF1DB86A7C00740709 /* CollectionViewHoneyLayoutDemoUITests.m in Sources */ = {isa = PBXBuildFile; fileRef = 2DA4C0CE1DB86A7C00740709 /* CollectionViewHoneyLayoutDemoUITests.m */; };
		2DA523B41DBA10990099D25D /* AppDelegate.m in Sources */ = {isa = PBXBuildFile; fileRef = 2DA5238E1DBA10990099D25D /* AppDelegate.m */; };
		2DA523B51DBA10990099D25D /* Assets.xcassets in Resources */ = {isa = PBXBuildFile; fileRef = 2DA5238F1DBA10990099D25D /* Assets.xcassets */; };
		2DA523B61DBA10990099D25D /* LaunchScreen.storyboard in Resources */ = {isa = PBXBuildFile; fileRef = 2DA523901DBA10990099D25D /* LaunchScreen.storyboard */; };
		2DA523B71DBA10990099D25D /* Main.storyboard in Resources */ = {isa = PBXBuildFile; fileRef = 2DA523921DBA10990099D25D /* Main.storyboard */; };
		2DA523B81DBA10990099D25D /* BaseViewController.m in Sources */ = {isa = PBXBuildFile; fileRef = 2DA523951DBA10990099D25D /* BaseViewController.m */; };
		2DA523B91DBA10990099D25D /* Demo1ViewController.m in Sources */ = {isa = PBXBuildFile; fileRef = 2DA523981DBA10990099D25D /* Demo1ViewController.m */; };
		2DA523BA1DBA10990099D25D /* Demo2ViewController.m in Sources */ = {isa = PBXBuildFile; fileRef = 2DA5239A1DBA10990099D25D /* Demo2ViewController.m */; };
		2DA523BD1DBA10990099D25D /* DemoViewController.m in Sources */ = {isa = PBXBuildFile; fileRef = 2DA523A01DBA10990099D25D /* DemoViewController.m */; };
		2DA523BE1DBA10990099D25D /* HoneyViewCell.m in Sources */ = {isa = PBXBuildFile; fileRef = 2DA523A31DBA10990099D25D /* HoneyViewCell.m */; };
		2DA523BF1DBA10990099D25D /* HoneyViewLayout.m in Sources */ = {isa = PBXBuildFile; fileRef = 2DA523A51DBA10990099D25D /* HoneyViewLayout.m */; };
		2DA523C01DBA10990099D25D /* HoneyViewLayout2.m in Sources */ = {isa = PBXBuildFile; fileRef = 2DA523A71DBA10990099D25D /* HoneyViewLayout2.m */; };
		2DA523C21DBA10990099D25D /* main.m in Sources */ = {isa = PBXBuildFile; fileRef = 2DA523AA1DBA10990099D25D /* main.m */; };
		2DA523C31DBA10990099D25D /* PolygonSingle.m in Sources */ = {isa = PBXBuildFile; fileRef = 2DA523AD1DBA10990099D25D /* PolygonSingle.m */; };
		2DA523C41DBA10990099D25D /* PolygonViewCell.m in Sources */ = {isa = PBXBuildFile; fileRef = 2DA523AF1DBA10990099D25D /* PolygonViewCell.m */; };
		2DA523C51DBA10990099D25D /* PolygonViewLayout.m in Sources */ = {isa = PBXBuildFile; fileRef = 2DA523B11DBA10990099D25D /* PolygonViewLayout.m */; };
		2DA523C61DBA10990099D25D /* Tools.m in Sources */ = {isa = PBXBuildFile; fileRef = 2DA523B31DBA10990099D25D /* Tools.m */; };
		2DF48AE81E56B9B90008D8F3 /* data.json in Resources */ = {isa = PBXBuildFile; fileRef = 2DF48AE01E56B9B90008D8F3 /* data.json */; };
		2DF48AE91E56B9B90008D8F3 /* Model.m in Sources */ = {isa = PBXBuildFile; fileRef = 2DF48AE21E56B9B90008D8F3 /* Model.m */; };
		2DF48AEA1E56B9B90008D8F3 /* WaterLayout.m in Sources */ = {isa = PBXBuildFile; fileRef = 2DF48AE51E56B9B90008D8F3 /* WaterLayout.m */; };
		2DF48AEB1E56B9B90008D8F3 /* WaterLayoutViewController.m in Sources */ = {isa = PBXBuildFile; fileRef = 2DF48AE71E56B9B90008D8F3 /* WaterLayoutViewController.m */; };
/* End PBXBuildFile section */

/* Begin PBXContainerItemProxy section */
		2DA4C0C01DB86A7C00740709 /* PBXContainerItemProxy */ = {
			isa = PBXContainerItemProxy;
			containerPortal = 2DA4C09E1DB86A7C00740709 /* Project object */;
			proxyType = 1;
			remoteGlobalIDString = 2DA4C0A51DB86A7C00740709;
			remoteInfo = CollectionViewHoneyLayoutDemo;
		};
		2DA4C0CB1DB86A7C00740709 /* PBXContainerItemProxy */ = {
			isa = PBXContainerItemProxy;
			containerPortal = 2DA4C09E1DB86A7C00740709 /* Project object */;
			proxyType = 1;
			remoteGlobalIDString = 2DA4C0A51DB86A7C00740709;
			remoteInfo = CollectionViewHoneyLayoutDemo;
		};
/* End PBXContainerItemProxy section */

/* Begin PBXFileReference section */
		2D8B04661DE582D3008C157F /* CollectionViewViewController.h */ = {isa = PBXFileReference; fileEncoding = 4; lastKnownFileType = sourcecode.c.h; path = CollectionViewViewController.h; sourceTree = "<group>"; };
		2D8B04671DE582D3008C157F /* CollectionViewViewController.m */ = {isa = PBXFileReference; fileEncoding = 4; lastKnownFileType = sourcecode.c.objc; path = CollectionViewViewController.m; sourceTree = "<group>"; };
		2D9F79521DEBC1D40073B8F4 /* MoveCollectionViewCell.h */ = {isa = PBXFileReference; fileEncoding = 4; lastKnownFileType = sourcecode.c.h; path = MoveCollectionViewCell.h; sourceTree = "<group>"; };
		2D9F79531DEBC1D40073B8F4 /* MoveCollectionViewCell.m */ = {isa = PBXFileReference; fileEncoding = 4; lastKnownFileType = sourcecode.c.objc; path = MoveCollectionViewCell.m; sourceTree = "<group>"; };
		2DA4C0A61DB86A7C00740709 /* CollectionViewHoneyLayoutDemo.app */ = {isa = PBXFileReference; explicitFileType = wrapper.application; includeInIndex = 0; path = CollectionViewHoneyLayoutDemo.app; sourceTree = BUILT_PRODUCTS_DIR; };
		2DA4C0BF1DB86A7C00740709 /* CollectionViewHoneyLayoutDemoTests.xctest */ = {isa = PBXFileReference; explicitFileType = wrapper.cfbundle; includeInIndex = 0; path = CollectionViewHoneyLayoutDemoTests.xctest; sourceTree = BUILT_PRODUCTS_DIR; };
		2DA4C0C31DB86A7C00740709 /* CollectionViewHoneyLayoutDemoTests.m */ = {isa = PBXFileReference; lastKnownFileType = sourcecode.c.objc; path = CollectionViewHoneyLayoutDemoTests.m; sourceTree = "<group>"; };
		2DA4C0C51DB86A7C00740709 /* Info.plist */ = {isa = PBXFileReference; lastKnownFileType = text.plist.xml; path = Info.plist; sourceTree = "<group>"; };
		2DA4C0CA1DB86A7C00740709 /* CollectionViewHoneyLayoutDemoUITests.xctest */ = {isa = PBXFileReference; explicitFileType = wrapper.cfbundle; includeInIndex = 0; path = CollectionViewHoneyLayoutDemoUITests.xctest; sourceTree = BUILT_PRODUCTS_DIR; };
		2DA4C0CE1DB86A7C00740709 /* CollectionViewHoneyLayoutDemoUITests.m */ = {isa = PBXFileReference; lastKnownFileType = sourcecode.c.objc; path = CollectionViewHoneyLayoutDemoUITests.m; sourceTree = "<group>"; };
		2DA4C0D01DB86A7C00740709 /* Info.plist */ = {isa = PBXFileReference; lastKnownFileType = text.plist.xml; path = Info.plist; sourceTree = "<group>"; };
		2DA5238D1DBA10990099D25D /* AppDelegate.h */ = {isa = PBXFileReference; fileEncoding = 4; lastKnownFileType = sourcecode.c.h; path = AppDelegate.h; sourceTree = "<group>"; };
		2DA5238E1DBA10990099D25D /* AppDelegate.m */ = {isa = PBXFileReference; fileEncoding = 4; lastKnownFileType = sourcecode.c.objc; path = AppDelegate.m; sourceTree = "<group>"; };
		2DA5238F1DBA10990099D25D /* Assets.xcassets */ = {isa = PBXFileReference; lastKnownFileType = folder.assetcatalog; path = Assets.xcassets; sourceTree = "<group>"; };
		2DA523911DBA10990099D25D /* Base */ = {isa = PBXFileReference; lastKnownFileType = file.storyboard; name = Base; path = Base.lproj/LaunchScreen.storyboard; sourceTree = "<group>"; };
		2DA523931DBA10990099D25D /* Base */ = {isa = PBXFileReference; lastKnownFileType = file.storyboard; name = Base; path = Base.lproj/Main.storyboard; sourceTree = "<group>"; };
		2DA523941DBA10990099D25D /* BaseViewController.h */ = {isa = PBXFileReference; fileEncoding = 4; lastKnownFileType = sourcecode.c.h; path = BaseViewController.h; sourceTree = "<group>"; };
		2DA523951DBA10990099D25D /* BaseViewController.m */ = {isa = PBXFileReference; fileEncoding = 4; lastKnownFileType = sourcecode.c.objc; path = BaseViewController.m; sourceTree = "<group>"; };
		2DA523961DBA10990099D25D /* CommonDefine.h */ = {isa = PBXFileReference; fileEncoding = 4; lastKnownFileType = sourcecode.c.h; path = CommonDefine.h; sourceTree = "<group>"; };
		2DA523971DBA10990099D25D /* Demo1ViewController.h */ = {isa = PBXFileReference; fileEncoding = 4; lastKnownFileType = sourcecode.c.h; path = Demo1ViewController.h; sourceTree = "<group>"; };
		2DA523981DBA10990099D25D /* Demo1ViewController.m */ = {isa = PBXFileReference; fileEncoding = 4; lastKnownFileType = sourcecode.c.objc; path = Demo1ViewController.m; sourceTree = "<group>"; };
		2DA523991DBA10990099D25D /* Demo2ViewController.h */ = {isa = PBXFileReference; fileEncoding = 4; lastKnownFileType = sourcecode.c.h; path = Demo2ViewController.h; sourceTree = "<group>"; };
		2DA5239A1DBA10990099D25D /* Demo2ViewController.m */ = {isa = PBXFileReference; fileEncoding = 4; lastKnownFileType = sourcecode.c.objc; path = Demo2ViewController.m; sourceTree = "<group>"; };
		2DA5239F1DBA10990099D25D /* DemoViewController.h */ = {isa = PBXFileReference; fileEncoding = 4; lastKnownFileType = sourcecode.c.h; path = DemoViewController.h; sourceTree = "<group>"; };
		2DA523A01DBA10990099D25D /* DemoViewController.m */ = {isa = PBXFileReference; fileEncoding = 4; lastKnownFileType = sourcecode.c.objc; path = DemoViewController.m; sourceTree = "<group>"; };
		2DA523A21DBA10990099D25D /* HoneyViewCell.h */ = {isa = PBXFileReference; fileEncoding = 4; lastKnownFileType = sourcecode.c.h; path = HoneyViewCell.h; sourceTree = "<group>"; };
		2DA523A31DBA10990099D25D /* HoneyViewCell.m */ = {isa = PBXFileReference; fileEncoding = 4; lastKnownFileType = sourcecode.c.objc; path = HoneyViewCell.m; sourceTree = "<group>"; };
		2DA523A41DBA10990099D25D /* HoneyViewLayout.h */ = {isa = PBXFileReference; fileEncoding = 4; lastKnownFileType = sourcecode.c.h; path = HoneyViewLayout.h; sourceTree = "<group>"; };
		2DA523A51DBA10990099D25D /* HoneyViewLayout.m */ = {isa = PBXFileReference; fileEncoding = 4; lastKnownFileType = sourcecode.c.objc; path = HoneyViewLayout.m; sourceTree = "<group>"; };
		2DA523A61DBA10990099D25D /* HoneyViewLayout2.h */ = {isa = PBXFileReference; fileEncoding = 4; lastKnownFileType = sourcecode.c.h; path = HoneyViewLayout2.h; sourceTree = "<group>"; };
		2DA523A71DBA10990099D25D /* HoneyViewLayout2.m */ = {isa = PBXFileReference; fileEncoding = 4; lastKnownFileType = sourcecode.c.objc; path = HoneyViewLayout2.m; sourceTree = "<group>"; };
		2DA523A81DBA10990099D25D /* HoneyViewLayout.pch */ = {isa = PBXFileReference; fileEncoding = 4; lastKnownFileType = sourcecode.c.h; path = HoneyViewLayout.pch; sourceTree = "<group>"; };
		2DA523A91DBA10990099D25D /* Info.plist */ = {isa = PBXFileReference; fileEncoding = 4; lastKnownFileType = text.plist.xml; path = Info.plist; sourceTree = "<group>"; };
		2DA523AA1DBA10990099D25D /* main.m */ = {isa = PBXFileReference; fileEncoding = 4; lastKnownFileType = sourcecode.c.objc; path = main.m; sourceTree = "<group>"; };
		2DA523AC1DBA10990099D25D /* PolygonSingle.h */ = {isa = PBXFileReference; fileEncoding = 4; lastKnownFileType = sourcecode.c.h; path = PolygonSingle.h; sourceTree = "<group>"; };
		2DA523AD1DBA10990099D25D /* PolygonSingle.m */ = {isa = PBXFileReference; fileEncoding = 4; lastKnownFileType = sourcecode.c.objc; path = PolygonSingle.m; sourceTree = "<group>"; };
		2DA523AE1DBA10990099D25D /* PolygonViewCell.h */ = {isa = PBXFileReference; fileEncoding = 4; lastKnownFileType = sourcecode.c.h; path = PolygonViewCell.h; sourceTree = "<group>"; };
		2DA523AF1DBA10990099D25D /* PolygonViewCell.m */ = {isa = PBXFileReference; fileEncoding = 4; lastKnownFileType = sourcecode.c.objc; path = PolygonViewCell.m; sourceTree = "<group>"; };
		2DA523B01DBA10990099D25D /* PolygonViewLayout.h */ = {isa = PBXFileReference; fileEncoding = 4; lastKnownFileType = sourcecode.c.h; path = PolygonViewLayout.h; sourceTree = "<group>"; };
		2DA523B11DBA10990099D25D /* PolygonViewLayout.m */ = {isa = PBXFileReference; fileEncoding = 4; lastKnownFileType = sourcecode.c.objc; path = PolygonViewLayout.m; sourceTree = "<group>"; };
		2DA523B21DBA10990099D25D /* Tools.h */ = {isa = PBXFileReference; fileEncoding = 4; lastKnownFileType = sourcecode.c.h; path = Tools.h; sourceTree = "<group>"; };
		2DA523B31DBA10990099D25D /* Tools.m */ = {isa = PBXFileReference; fileEncoding = 4; lastKnownFileType = sourcecode.c.objc; path = Tools.m; sourceTree = "<group>"; };
		2DF48AE01E56B9B90008D8F3 /* data.json */ = {isa = PBXFileReference; fileEncoding = 4; lastKnownFileType = text.json; path = data.json; sourceTree = "<group>"; };
		2DF48AE11E56B9B90008D8F3 /* Model.h */ = {isa = PBXFileReference; fileEncoding = 4; lastKnownFileType = sourcecode.c.h; path = Model.h; sourceTree = "<group>"; };
		2DF48AE21E56B9B90008D8F3 /* Model.m */ = {isa = PBXFileReference; fileEncoding = 4; lastKnownFileType = sourcecode.c.objc; path = Model.m; sourceTree = "<group>"; };
		2DF48AE41E56B9B90008D8F3 /* WaterLayout.h */ = {isa = PBXFileReference; fileEncoding = 4; lastKnownFileType = sourcecode.c.h; path = WaterLayout.h; sourceTree = "<group>"; };
		2DF48AE51E56B9B90008D8F3 /* WaterLayout.m */ = {isa = PBXFileReference; fileEncoding = 4; lastKnownFileType = sourcecode.c.objc; path = WaterLayout.m; sourceTree = "<group>"; };
		2DF48AE61E56B9B90008D8F3 /* WaterLayoutViewController.h */ = {isa = PBXFileReference; fileEncoding = 4; lastKnownFileType = sourcecode.c.h; path = WaterLayoutViewController.h; sourceTree = "<group>"; };
		2DF48AE71E56B9B90008D8F3 /* WaterLayoutViewController.m */ = {isa = PBXFileReference; fileEncoding = 4; lastKnownFileType = sourcecode.c.objc; path = WaterLayoutViewController.m; sourceTree = "<group>"; };
/* End PBXFileReference section */

/* Begin PBXFrameworksBuildPhase section */
		2DA4C0A31DB86A7C00740709 /* Frameworks */ = {
			isa = PBXFrameworksBuildPhase;
			buildActionMask = 2147483647;
			files = (
			);
			runOnlyForDeploymentPostprocessing = 0;
		};
		2DA4C0BC1DB86A7C00740709 /* Frameworks */ = {
			isa = PBXFrameworksBuildPhase;
			buildActionMask = 2147483647;
			files = (
			);
			runOnlyForDeploymentPostprocessing = 0;
		};
		2DA4C0C71DB86A7C00740709 /* Frameworks */ = {
			isa = PBXFrameworksBuildPhase;
			buildActionMask = 2147483647;
			files = (
			);
			runOnlyForDeploymentPostprocessing = 0;
		};
/* End PBXFrameworksBuildPhase section */

/* Begin PBXGroup section */
		2DA4C09D1DB86A7C00740709 = {
			isa = PBXGroup;
			children = (
				2DA5238C1DBA10990099D25D /* CollectionViewHoneyLayoutDemo */,
				2DA4C0C21DB86A7C00740709 /* CollectionViewHoneyLayoutDemoTests */,
				2DA4C0CD1DB86A7C00740709 /* CollectionViewHoneyLayoutDemoUITests */,
				2DA4C0A71DB86A7C00740709 /* Products */,
			);
			sourceTree = "<group>";
		};
		2DA4C0A71DB86A7C00740709 /* Products */ = {
			isa = PBXGroup;
			children = (
				2DA4C0A61DB86A7C00740709 /* CollectionViewHoneyLayoutDemo.app */,
				2DA4C0BF1DB86A7C00740709 /* CollectionViewHoneyLayoutDemoTests.xctest */,
				2DA4C0CA1DB86A7C00740709 /* CollectionViewHoneyLayoutDemoUITests.xctest */,
			);
			name = Products;
			sourceTree = "<group>";
		};
		2DA4C0C21DB86A7C00740709 /* CollectionViewHoneyLayoutDemoTests */ = {
			isa = PBXGroup;
			children = (
				2DA4C0C31DB86A7C00740709 /* CollectionViewHoneyLayoutDemoTests.m */,
				2DA4C0C51DB86A7C00740709 /* Info.plist */,
			);
			path = CollectionViewHoneyLayoutDemoTests;
			sourceTree = "<group>";
		};
		2DA4C0CD1DB86A7C00740709 /* CollectionViewHoneyLayoutDemoUITests */ = {
			isa = PBXGroup;
			children = (
				2DA4C0CE1DB86A7C00740709 /* CollectionViewHoneyLayoutDemoUITests.m */,
				2DA4C0D01DB86A7C00740709 /* Info.plist */,
			);
			path = CollectionViewHoneyLayoutDemoUITests;
			sourceTree = "<group>";
		};
		2DA5238C1DBA10990099D25D /* CollectionViewHoneyLayoutDemo */ = {
			isa = PBXGroup;
			children = (
				2DA5238D1DBA10990099D25D /* AppDelegate.h */,
				2DA5238E1DBA10990099D25D /* AppDelegate.m */,
				2DA5238F1DBA10990099D25D /* Assets.xcassets */,
				2DA523901DBA10990099D25D /* LaunchScreen.storyboard */,
				2DA523921DBA10990099D25D /* Main.storyboard */,
				2DA523941DBA10990099D25D /* BaseViewController.h */,
				2DA523951DBA10990099D25D /* BaseViewController.m */,
				2DA523961DBA10990099D25D /* CommonDefine.h */,
				2DA523971DBA10990099D25D /* Demo1ViewController.h */,
				2DA523981DBA10990099D25D /* Demo1ViewController.m */,
				2DA523991DBA10990099D25D /* Demo2ViewController.h */,
				2DA5239A1DBA10990099D25D /* Demo2ViewController.m */,
				2DA5239F1DBA10990099D25D /* DemoViewController.h */,
				2DA523A01DBA10990099D25D /* DemoViewController.m */,
				2D8B04661DE582D3008C157F /* CollectionViewViewController.h */,
				2D8B04671DE582D3008C157F /* CollectionViewViewController.m */,
				2D9F79521DEBC1D40073B8F4 /* MoveCollectionViewCell.h */,
				2D9F79531DEBC1D40073B8F4 /* MoveCollectionViewCell.m */,
				2DA523A11DBA10990099D25D /* HoneyView */,
				2DA523A81DBA10990099D25D /* HoneyViewLayout.pch */,
				2DA523A91DBA10990099D25D /* Info.plist */,
				2DA523AA1DBA10990099D25D /* main.m */,
				2DA523AB1DBA10990099D25D /* PolygonView */,
				2DA523B21DBA10990099D25D /* Tools.h */,
				2DA523B31DBA10990099D25D /* Tools.m */,
				2DF48ADF1E56B9B90008D8F3 /* waterfall */,
			);
			path = CollectionViewHoneyLayoutDemo;
			sourceTree = "<group>";
		};
		2DA523A11DBA10990099D25D /* HoneyView */ = {
			isa = PBXGroup;
			children = (
				2DA523A21DBA10990099D25D /* HoneyViewCell.h */,
				2DA523A31DBA10990099D25D /* HoneyViewCell.m */,
				2DA523A41DBA10990099D25D /* HoneyViewLayout.h */,
				2DA523A51DBA10990099D25D /* HoneyViewLayout.m */,
				2DA523A61DBA10990099D25D /* HoneyViewLayout2.h */,
				2DA523A71DBA10990099D25D /* HoneyViewLayout2.m */,
			);
			path = HoneyView;
			sourceTree = "<group>";
		};
		2DA523AB1DBA10990099D25D /* PolygonView */ = {
			isa = PBXGroup;
			children = (
				2DA523AC1DBA10990099D25D /* PolygonSingle.h */,
				2DA523AD1DBA10990099D25D /* PolygonSingle.m */,
				2DA523AE1DBA10990099D25D /* PolygonViewCell.h */,
				2DA523AF1DBA10990099D25D /* PolygonViewCell.m */,
				2DA523B01DBA10990099D25D /* PolygonViewLayout.h */,
				2DA523B11DBA10990099D25D /* PolygonViewLayout.m */,
			);
			path = PolygonView;
			sourceTree = "<group>";
		};
		2DF48ADF1E56B9B90008D8F3 /* waterfall */ = {
			isa = PBXGroup;
			children = (
				2DF48AE01E56B9B90008D8F3 /* data.json */,
				2DF48AE11E56B9B90008D8F3 /* Model.h */,
				2DF48AE21E56B9B90008D8F3 /* Model.m */,
				2DF48AE31E56B9B90008D8F3 /* waterLayout */,
				2DF48AE61E56B9B90008D8F3 /* WaterLayoutViewController.h */,
				2DF48AE71E56B9B90008D8F3 /* WaterLayoutViewController.m */,
			);
			path = waterfall;
			sourceTree = "<group>";
		};
		2DF48AE31E56B9B90008D8F3 /* waterLayout */ = {
			isa = PBXGroup;
			children = (
				2DF48AE41E56B9B90008D8F3 /* WaterLayout.h */,
				2DF48AE51E56B9B90008D8F3 /* WaterLayout.m */,
			);
			path = waterLayout;
			sourceTree = "<group>";
		};
/* End PBXGroup section */

/* Begin PBXNativeTarget section */
		2DA4C0A51DB86A7C00740709 /* CollectionViewHoneyLayoutDemo */ = {
			isa = PBXNativeTarget;
			buildConfigurationList = 2DA4C0D31DB86A7C00740709 /* Build configuration list for PBXNativeTarget "CollectionViewHoneyLayoutDemo" */;
			buildPhases = (
				2DA4C0A21DB86A7C00740709 /* Sources */,
				2DA4C0A31DB86A7C00740709 /* Frameworks */,
				2DA4C0A41DB86A7C00740709 /* Resources */,
			);
			buildRules = (
			);
			dependencies = (
			);
			name = CollectionViewHoneyLayoutDemo;
			productName = CollectionViewHoneyLayoutDemo;
			productReference = 2DA4C0A61DB86A7C00740709 /* CollectionViewHoneyLayoutDemo.app */;
			productType = "com.apple.product-type.application";
		};
		2DA4C0BE1DB86A7C00740709 /* CollectionViewHoneyLayoutDemoTests */ = {
			isa = PBXNativeTarget;
			buildConfigurationList = 2DA4C0D61DB86A7C00740709 /* Build configuration list for PBXNativeTarget "CollectionViewHoneyLayoutDemoTests" */;
			buildPhases = (
				2DA4C0BB1DB86A7C00740709 /* Sources */,
				2DA4C0BC1DB86A7C00740709 /* Frameworks */,
				2DA4C0BD1DB86A7C00740709 /* Resources */,
			);
			buildRules = (
			);
			dependencies = (
				2DA4C0C11DB86A7C00740709 /* PBXTargetDependency */,
			);
			name = CollectionViewHoneyLayoutDemoTests;
			productName = CollectionViewHoneyLayoutDemoTests;
			productReference = 2DA4C0BF1DB86A7C00740709 /* CollectionViewHoneyLayoutDemoTests.xctest */;
			productType = "com.apple.product-type.bundle.unit-test";
		};
		2DA4C0C91DB86A7C00740709 /* CollectionViewHoneyLayoutDemoUITests */ = {
			isa = PBXNativeTarget;
			buildConfigurationList = 2DA4C0D91DB86A7C00740709 /* Build configuration list for PBXNativeTarget "CollectionViewHoneyLayoutDemoUITests" */;
			buildPhases = (
				2DA4C0C61DB86A7C00740709 /* Sources */,
				2DA4C0C71DB86A7C00740709 /* Frameworks */,
				2DA4C0C81DB86A7C00740709 /* Resources */,
			);
			buildRules = (
			);
			dependencies = (
				2DA4C0CC1DB86A7C00740709 /* PBXTargetDependency */,
			);
			name = CollectionViewHoneyLayoutDemoUITests;
			productName = CollectionViewHoneyLayoutDemoUITests;
			productReference = 2DA4C0CA1DB86A7C00740709 /* CollectionViewHoneyLayoutDemoUITests.xctest */;
			productType = "com.apple.product-type.bundle.ui-testing";
		};
/* End PBXNativeTarget section */

/* Begin PBXProject section */
		2DA4C09E1DB86A7C00740709 /* Project object */ = {
			isa = PBXProject;
			attributes = {
				LastUpgradeCheck = 0810;
				ORGANIZATIONNAME = CHC;
				TargetAttributes = {
					2DA4C0A51DB86A7C00740709 = {
						CreatedOnToolsVersion = 8.0;
						DevelopmentTeam = PYAN2G4D94;
						ProvisioningStyle = Automatic;
					};
					2DA4C0BE1DB86A7C00740709 = {
						CreatedOnToolsVersion = 8.0;
						ProvisioningStyle = Automatic;
						TestTargetID = 2DA4C0A51DB86A7C00740709;
					};
					2DA4C0C91DB86A7C00740709 = {
						CreatedOnToolsVersion = 8.0;
						ProvisioningStyle = Automatic;
						TestTargetID = 2DA4C0A51DB86A7C00740709;
					};
				};
			};
			buildConfigurationList = 2DA4C0A11DB86A7C00740709 /* Build configuration list for PBXProject "CollectionViewHoneyLayoutDemo" */;
			compatibilityVersion = "Xcode 3.2";
			developmentRegion = English;
			hasScannedForEncodings = 0;
			knownRegions = (
				en,
				Base,
			);
			mainGroup = 2DA4C09D1DB86A7C00740709;
			productRefGroup = 2DA4C0A71DB86A7C00740709 /* Products */;
			projectDirPath = "";
			projectRoot = "";
			targets = (
				2DA4C0A51DB86A7C00740709 /* CollectionViewHoneyLayoutDemo */,
				2DA4C0BE1DB86A7C00740709 /* CollectionViewHoneyLayoutDemoTests */,
				2DA4C0C91DB86A7C00740709 /* CollectionViewHoneyLayoutDemoUITests */,
			);
		};
/* End PBXProject section */

/* Begin PBXResourcesBuildPhase section */
		2DA4C0A41DB86A7C00740709 /* Resources */ = {
			isa = PBXResourcesBuildPhase;
			buildActionMask = 2147483647;
			files = (
				2DA523B71DBA10990099D25D /* Main.storyboard in Resources */,
				2DA523B51DBA10990099D25D /* Assets.xcassets in Resources */,
				2DA523B61DBA10990099D25D /* LaunchScreen.storyboard in Resources */,
				2DF48AE81E56B9B90008D8F3 /* data.json in Resources */,
			);
			runOnlyForDeploymentPostprocessing = 0;
		};
		2DA4C0BD1DB86A7C00740709 /* Resources */ = {
			isa = PBXResourcesBuildPhase;
			buildActionMask = 2147483647;
			files = (
			);
			runOnlyForDeploymentPostprocessing = 0;
		};
		2DA4C0C81DB86A7C00740709 /* Resources */ = {
			isa = PBXResourcesBuildPhase;
			buildActionMask = 2147483647;
			files = (
			);
			runOnlyForDeploymentPostprocessing = 0;
		};
/* End PBXResourcesBuildPhase section */

/* Begin PBXSourcesBuildPhase section */
		2DA4C0A21DB86A7C00740709 /* Sources */ = {
			isa = PBXSourcesBuildPhase;
			buildActionMask = 2147483647;
			files = (
				2DA523BE1DBA10990099D25D /* HoneyViewCell.m in Sources */,
				2D9F79541DEBC1D40073B8F4 /* MoveCollectionViewCell.m in Sources */,
				2DF48AEB1E56B9B90008D8F3 /* WaterLayoutViewController.m in Sources */,
				2DA523BF1DBA10990099D25D /* HoneyViewLayout.m in Sources */,
				2DF48AE91E56B9B90008D8F3 /* Model.m in Sources */,
				2DA523B41DBA10990099D25D /* AppDelegate.m in Sources */,
				2DA523C41DBA10990099D25D /* PolygonViewCell.m in Sources */,
				2DA523B91DBA10990099D25D /* Demo1ViewController.m in Sources */,
				2D8B04681DE582D3008C157F /* CollectionViewViewController.m in Sources */,
				2DA523C51DBA10990099D25D /* PolygonViewLayout.m in Sources */,
				2DA523C61DBA10990099D25D /* Tools.m in Sources */,
				2DF48AEA1E56B9B90008D8F3 /* WaterLayout.m in Sources */,
				2DA523C31DBA10990099D25D /* PolygonSingle.m in Sources */,
				2DA523BA1DBA10990099D25D /* Demo2ViewController.m in Sources */,
				2DA523B81DBA10990099D25D /* BaseViewController.m in Sources */,
				2DA523BD1DBA10990099D25D /* DemoViewController.m in Sources */,
				2DA523C21DBA10990099D25D /* main.m in Sources */,
				2DA523C01DBA10990099D25D /* HoneyViewLayout2.m in Sources */,
			);
			runOnlyForDeploymentPostprocessing = 0;
		};
		2DA4C0BB1DB86A7C00740709 /* Sources */ = {
			isa = PBXSourcesBuildPhase;
			buildActionMask = 2147483647;
			files = (
				2DA4C0C41DB86A7C00740709 /* CollectionViewHoneyLayoutDemoTests.m in Sources */,
			);
			runOnlyForDeploymentPostprocessing = 0;
		};
		2DA4C0C61DB86A7C00740709 /* Sources */ = {
			isa = PBXSourcesBuildPhase;
			buildActionMask = 2147483647;
			files = (
				2DA4C0CF1DB86A7C00740709 /* CollectionViewHoneyLayoutDemoUITests.m in Sources */,
			);
			runOnlyForDeploymentPostprocessing = 0;
		};
/* End PBXSourcesBuildPhase section */

/* Begin PBXTargetDependency section */
		2DA4C0C11DB86A7C00740709 /* PBXTargetDependency */ = {
			isa = PBXTargetDependency;
			target = 2DA4C0A51DB86A7C00740709 /* CollectionViewHoneyLayoutDemo */;
			targetProxy = 2DA4C0C01DB86A7C00740709 /* PBXContainerItemProxy */;
		};
		2DA4C0CC1DB86A7C00740709 /* PBXTargetDependency */ = {
			isa = PBXTargetDependency;
			target = 2DA4C0A51DB86A7C00740709 /* CollectionViewHoneyLayoutDemo */;
			targetProxy = 2DA4C0CB1DB86A7C00740709 /* PBXContainerItemProxy */;
		};
/* End PBXTargetDependency section */

/* Begin PBXVariantGroup section */
		2DA523901DBA10990099D25D /* LaunchScreen.storyboard */ = {
			isa = PBXVariantGroup;
			children = (
				2DA523911DBA10990099D25D /* Base */,
			);
			name = LaunchScreen.storyboard;
			sourceTree = "<group>";
		};
		2DA523921DBA10990099D25D /* Main.storyboard */ = {
			isa = PBXVariantGroup;
			children = (
				2DA523931DBA10990099D25D /* Base */,
			);
			name = Main.storyboard;
			sourceTree = "<group>";
		};
/* End PBXVariantGroup section */

/* Begin XCBuildConfiguration section */
		2DA4C0D11DB86A7C00740709 /* Debug */ = {
			isa = XCBuildConfiguration;
			buildSettings = {
				ALWAYS_SEARCH_USER_PATHS = NO;
				CLANG_ANALYZER_NONNULL = YES;
				CLANG_CXX_LANGUAGE_STANDARD = "gnu++0x";
				CLANG_CXX_LIBRARY = "libc++";
				CLANG_ENABLE_MODULES = YES;
				CLANG_ENABLE_OBJC_ARC = YES;
				CLANG_WARN_BOOL_CONVERSION = YES;
				CLANG_WARN_CONSTANT_CONVERSION = YES;
				CLANG_WARN_DIRECT_OBJC_ISA_USAGE = YES_ERROR;
				CLANG_WARN_DOCUMENTATION_COMMENTS = YES;
				CLANG_WARN_EMPTY_BODY = YES;
				CLANG_WARN_ENUM_CONVERSION = YES;
				CLANG_WARN_INFINITE_RECURSION = YES;
				CLANG_WARN_INT_CONVERSION = YES;
				CLANG_WARN_OBJC_ROOT_CLASS = YES_ERROR;
				CLANG_WARN_SUSPICIOUS_MOVE = YES;
				CLANG_WARN_SUSPICIOUS_MOVES = YES;
				CLANG_WARN_UNREACHABLE_CODE = YES;
				CLANG_WARN__DUPLICATE_METHOD_MATCH = YES;
				"CODE_SIGN_IDENTITY[sdk=iphoneos*]" = "iPhone Developer";
				COPY_PHASE_STRIP = NO;
				DEBUG_INFORMATION_FORMAT = dwarf;
				ENABLE_STRICT_OBJC_MSGSEND = YES;
				ENABLE_TESTABILITY = YES;
				GCC_C_LANGUAGE_STANDARD = gnu99;
				GCC_DYNAMIC_NO_PIC = NO;
				GCC_NO_COMMON_BLOCKS = YES;
				GCC_OPTIMIZATION_LEVEL = 0;
				GCC_PREPROCESSOR_DEFINITIONS = (
					"DEBUG=1",
					"$(inherited)",
				);
				GCC_WARN_64_TO_32_BIT_CONVERSION = YES;
				GCC_WARN_ABOUT_RETURN_TYPE = YES_ERROR;
				GCC_WARN_UNDECLARED_SELECTOR = YES;
				GCC_WARN_UNINITIALIZED_AUTOS = YES_AGGRESSIVE;
				GCC_WARN_UNUSED_FUNCTION = YES;
				GCC_WARN_UNUSED_VARIABLE = YES;
				IPHONEOS_DEPLOYMENT_TARGET = 10.1;
				MTL_ENABLE_DEBUG_INFO = YES;
				ONLY_ACTIVE_ARCH = YES;
				SDKROOT = iphoneos;
			};
			name = Debug;
		};
		2DA4C0D21DB86A7C00740709 /* Release */ = {
			isa = XCBuildConfiguration;
			buildSettings = {
				ALWAYS_SEARCH_USER_PATHS = NO;
				CLANG_ANALYZER_NONNULL = YES;
				CLANG_CXX_LANGUAGE_STANDARD = "gnu++0x";
				CLANG_CXX_LIBRARY = "libc++";
				CLANG_ENABLE_MODULES = YES;
				CLANG_ENABLE_OBJC_ARC = YES;
				CLANG_WARN_BOOL_CONVERSION = YES;
				CLANG_WARN_CONSTANT_CONVERSION = YES;
				CLANG_WARN_DIRECT_OBJC_ISA_USAGE = YES_ERROR;
				CLANG_WARN_DOCUMENTATION_COMMENTS = YES;
				CLANG_WARN_EMPTY_BODY = YES;
				CLANG_WARN_ENUM_CONVERSION = YES;
				CLANG_WARN_INFINITE_RECURSION = YES;
				CLANG_WARN_INT_CONVERSION = YES;
				CLANG_WARN_OBJC_ROOT_CLASS = YES_ERROR;
				CLANG_WARN_SUSPICIOUS_MOVE = YES;
				CLANG_WARN_SUSPICIOUS_MOVES = YES;
				CLANG_WARN_UNREACHABLE_CODE = YES;
				CLANG_WARN__DUPLICATE_METHOD_MATCH = YES;
				"CODE_SIGN_IDENTITY[sdk=iphoneos*]" = "iPhone Developer";
				COPY_PHASE_STRIP = NO;
				DEBUG_INFORMATION_FORMAT = "dwarf-with-dsym";
				ENABLE_NS_ASSERTIONS = NO;
				ENABLE_STRICT_OBJC_MSGSEND = YES;
				GCC_C_LANGUAGE_STANDARD = gnu99;
				GCC_NO_COMMON_BLOCKS = YES;
				GCC_WARN_64_TO_32_BIT_CONVERSION = YES;
				GCC_WARN_ABOUT_RETURN_TYPE = YES_ERROR;
				GCC_WARN_UNDECLARED_SELECTOR = YES;
				GCC_WARN_UNINITIALIZED_AUTOS = YES_AGGRESSIVE;
				GCC_WARN_UNUSED_FUNCTION = YES;
				GCC_WARN_UNUSED_VARIABLE = YES;
				IPHONEOS_DEPLOYMENT_TARGET = 10.1;
				MTL_ENABLE_DEBUG_INFO = NO;
				SDKROOT = iphoneos;
				VALIDATE_PRODUCT = YES;
			};
			name = Release;
		};
		2DA4C0D41DB86A7C00740709 /* Debug */ = {
			isa = XCBuildConfiguration;
			buildSettings = {
				ASSETCATALOG_COMPILER_APPICON_NAME = AppIcon;
				DEVELOPMENT_TEAM = PYAN2G4D94;
				ENABLE_BITCODE = NO;
				GCC_PREFIX_HEADER = "$(SRCROOT)/CollectionViewHoneyLayoutDemo/HoneyViewLayout.pch";
				INFOPLIST_FILE = CollectionViewHoneyLayoutDemo/Info.plist;
				IPHONEOS_DEPLOYMENT_TARGET = 9.3;
				LD_RUNPATH_SEARCH_PATHS = "$(inherited) @executable_path/Frameworks";
				PRODUCT_BUNDLE_IDENTIFIER = hupo.BenzClient;
				PRODUCT_NAME = "$(TARGET_NAME)";
			};
			name = Debug;
		};
		2DA4C0D51DB86A7C00740709 /* Release */ = {
			isa = XCBuildConfiguration;
			buildSettings = {
				ASSETCATALOG_COMPILER_APPICON_NAME = AppIcon;
				DEVELOPMENT_TEAM = PYAN2G4D94;
				ENABLE_BITCODE = NO;
				GCC_PREFIX_HEADER = "$(SRCROOT)/CollectionViewHoneyLayoutDemo/HoneyViewLayout.pch";
				INFOPLIST_FILE = CollectionViewHoneyLayoutDemo/Info.plist;
				IPHONEOS_DEPLOYMENT_TARGET = 9.3;
				LD_RUNPATH_SEARCH_PATHS = "$(inherited) @executable_path/Frameworks";
				PRODUCT_BUNDLE_IDENTIFIER = hupo.BenzClient;
				PRODUCT_NAME = "$(TARGET_NAME)";
			};
			name = Release;
		};
		2DA4C0D71DB86A7C00740709 /* Debug */ = {
			isa = XCBuildConfiguration;
			buildSettings = {
				BUNDLE_LOADER = "$(TEST_HOST)";
				INFOPLIST_FILE = CollectionViewHoneyLayoutDemoTests/Info.plist;
				LD_RUNPATH_SEARCH_PATHS = "$(inherited) @executable_path/Frameworks @loader_path/Frameworks";
				PRODUCT_BUNDLE_IDENTIFIER = hupo.CollectionViewHoneyLayoutDemoTests;
				PRODUCT_NAME = "$(TARGET_NAME)";
				TEST_HOST = "$(BUILT_PRODUCTS_DIR)/CollectionViewHoneyLayoutDemo.app/CollectionViewHoneyLayoutDemo";
			};
			name = Debug;
		};
		2DA4C0D81DB86A7C00740709 /* Release */ = {
			isa = XCBuildConfiguration;
			buildSettings = {
				BUNDLE_LOADER = "$(TEST_HOST)";
				INFOPLIST_FILE = CollectionViewHoneyLayoutDemoTests/Info.plist;
				LD_RUNPATH_SEARCH_PATHS = "$(inherited) @executable_path/Frameworks @loader_path/Frameworks";
				PRODUCT_BUNDLE_IDENTIFIER = hupo.CollectionViewHoneyLayoutDemoTests;
				PRODUCT_NAME = "$(TARGET_NAME)";
				TEST_HOST = "$(BUILT_PRODUCTS_DIR)/CollectionViewHoneyLayoutDemo.app/CollectionViewHoneyLayoutDemo";
			};
			name = Release;
		};
		2DA4C0DA1DB86A7C00740709 /* Debug */ = {
			isa = XCBuildConfiguration;
			buildSettings = {
				INFOPLIST_FILE = CollectionViewHoneyLayoutDemoUITests/Info.plist;
				LD_RUNPATH_SEARCH_PATHS = "$(inherited) @executable_path/Frameworks @loader_path/Frameworks";
				PRODUCT_BUNDLE_IDENTIFIER = hupo.CollectionViewHoneyLayoutDemoUITests;
				PRODUCT_NAME = "$(TARGET_NAME)";
				TEST_TARGET_NAME = CollectionViewHoneyLayoutDemo;
			};
			name = Debug;
		};
		2DA4C0DB1DB86A7C00740709 /* Release */ = {
			isa = XCBuildConfiguration;
			buildSettings = {
				INFOPLIST_FILE = CollectionViewHoneyLayoutDemoUITests/Info.plist;
				LD_RUNPATH_SEARCH_PATHS = "$(inherited) @executable_path/Frameworks @loader_path/Frameworks";
				PRODUCT_BUNDLE_IDENTIFIER = hupo.CollectionViewHoneyLayoutDemoUITests;
				PRODUCT_NAME = "$(TARGET_NAME)";
				TEST_TARGET_NAME = CollectionViewHoneyLayoutDemo;
			};
			name = Release;
		};
/* End XCBuildConfiguration section */

/* Begin XCConfigurationList section */
		2DA4C0A11DB86A7C00740709 /* Build configuration list for PBXProject "CollectionViewHoneyLayoutDemo" */ = {
			isa = XCConfigurationList;
			buildConfigurations = (
				2DA4C0D11DB86A7C00740709 /* Debug */,
				2DA4C0D21DB86A7C00740709 /* Release */,
			);
			defaultConfigurationIsVisible = 0;
			defaultConfigurationName = Release;
		};
		2DA4C0D31DB86A7C00740709 /* Build configuration list for PBXNativeTarget "CollectionViewHoneyLayoutDemo" */ = {
			isa = XCConfigurationList;
			buildConfigurations = (
				2DA4C0D41DB86A7C00740709 /* Debug */,
				2DA4C0D51DB86A7C00740709 /* Release */,
			);
			defaultConfigurationIsVisible = 0;
			defaultConfigurationName = Release;
		};
		2DA4C0D61DB86A7C00740709 /* Build configuration list for PBXNativeTarget "CollectionViewHoneyLayoutDemoTests" */ = {
			isa = XCConfigurationList;
			buildConfigurations = (
				2DA4C0D71DB86A7C00740709 /* Debug */,
				2DA4C0D81DB86A7C00740709 /* Release */,
			);
			defaultConfigurationIsVisible = 0;
			defaultConfigurationName = Release;
		};
		2DA4C0D91DB86A7C00740709 /* Build configuration list for PBXNativeTarget "CollectionViewHoneyLayoutDemoUITests" */ = {
			isa = XCConfigurationList;
			buildConfigurations = (
				2DA4C0DA1DB86A7C00740709 /* Debug */,
				2DA4C0DB1DB86A7C00740709 /* Release */,
			);
			defaultConfigurationIsVisible = 0;
			defaultConfigurationName = Release;
		};
/* End XCConfigurationList section */
	};
	rootObject = 2DA4C09E1DB86A7C00740709 /* Project object */;
}
